# This file was autogenerated by Stack.
# You should not edit this file by hand.
# For more information, please see the documentation at:
#   https://docs.haskellstack.org/en/stable/lock_files

packages:
- completed:
    hackage: fast-logger-3.2.3@sha256:41b4f1c07d5ee4a7cc785689eb7772554d29ddbbcced3cc184fe50fc63ece3f7,2176
    pantry-tree:
      sha256: c4a8dcfa5f5bc3bd77cfe86d904e96f90607adc1e4f3f1cf082e722673ee7230
      size: 1302
  original:
    hackage: fast-logger-3.2.3
- completed:
    hackage: monad-logger-0.3.39@sha256:edd49f160b77abe4883f0579839d30403cd425853ab83397abb44473ebc5445a,1759
    pantry-tree:
      sha256: 3c41320fd5a111cc02b13f1190bdb98b92cc270d7d52cfe5a85c667b08fbc528
      size: 396
  original:
    hackage: monad-logger-0.3.39
snapshots:
- completed:
    sha256: 5a59b2a405b3aba3c00188453be172b85893cab8ebc352b1ef58b0eae5d248a2
    size: 650475
    url: https://raw.githubusercontent.com/commercialhaskell/stackage-snapshots/master/lts/20/26.yaml
  original: lts-20.26
