# This file was autogenerated by Stack.
# You should not edit this file by hand.
# For more information, please see the documentation at:
#   https://docs.haskellstack.org/en/stable/lock_files

packages: []
snapshots:
- completed:
    sha256: a243ece07ce62348f5018c471d84e7056b537c69c309a0cfa997ccdde6ec3b9c
    size: 666182
    url: https://raw.githubusercontent.com/commercialhaskell/stackage-snapshots/master/nightly/2025/3/24.yaml
  original: nightly-2025-03-24
