# This file was autogenerated by Stack.
# You should not edit this file by hand.
# For more information, please see the documentation at:
#   https://docs.haskellstack.org/en/stable/lock_files

packages:
- completed:
    hackage: aeson-1.5.2.0@sha256:d00c7aa51969b2849550e4dee14c9ce188504d55ed8d7f734ce9f6976db452f6,6786
    pantry-tree:
      sha256: 992b01282d72e4db664289db69a846a4ec675379ca96824ba902a7541104d409
      size: 39758
  original:
    hackage: aeson-1.5.2.0
- completed:
    hackage: envparse-0.4.1@sha256:989902e6368532548f61de1fa245ad2b39176cddd8743b20071af519a709ce30,2842
    pantry-tree:
      sha256: 35044d67979fe2a5cff05cf8736a06a265592433cdd03e13a72908ceed892612
      size: 1180
  original:
    hackage: envparse-0.4.1
- completed:
    hackage: fast-logger-3.2.3@sha256:41b4f1c07d5ee4a7cc785689eb7772554d29ddbbcced3cc184fe50fc63ece3f7,2176
    pantry-tree:
      sha256: c4a8dcfa5f5bc3bd77cfe86d904e96f90607adc1e4f3f1cf082e722673ee7230
      size: 1302
  original:
    hackage: fast-logger-3.2.3
- completed:
    hackage: monad-logger-0.3.39@sha256:edd49f160b77abe4883f0579839d30403cd425853ab83397abb44473ebc5445a,1759
    pantry-tree:
      sha256: 3c41320fd5a111cc02b13f1190bdb98b92cc270d7d52cfe5a85c667b08fbc528
      size: 396
  original:
    hackage: monad-logger-0.3.39
- completed:
    hackage: monad-logger-aeson-0.4.0.3@sha256:1fc0f9f1f2dc8598c8f6f24625023b892a477cee3abaa67a4cc0e81b0dcdf6c6,6215
    pantry-tree:
      sha256: c2b3130a2326606a1087c8548c8f1682a299b554ffe84d9a460b7c382b3ebd84
      size: 7096
  original:
    hackage: monad-logger-aeson-0.4.0.3
- completed:
    hackage: context-0.2.0.0@sha256:6b643adb4a64fe521873d08df0497f71f88e18b9ecff4b68b4eef938e446cfc9,1886
    pantry-tree:
      sha256: b041ec197787d7cef078a2de33a74853179821e3083882f22b6d185e5764d75e
      size: 952
  original:
    hackage: context-0.2.0.0
snapshots:
- completed:
    sha256: 637fb77049b25560622a224845b7acfe81a09fdb6a96a3c75997a10b651667f6
    size: 534126
    url: https://raw.githubusercontent.com/commercialhaskell/stackage-snapshots/master/lts/16/31.yaml
  original: lts-16.31
