# This file was autogenerated by Stack.
# You should not edit this file by hand.
# For more information, please see the documentation at:
#   https://docs.haskellstack.org/en/stable/lock_files

packages:
- completed:
    hackage: monad-logger-aeson-0.2.0.0@sha256:c855d721e74608b94b68b5d94ce30bbb49f535d92ae534c8b4c8cb9bb56524f5,5158
    pantry-tree:
      size: 5103
      sha256: 3ebd7fed0fd9da25f070ef84bd14d9eaf12a2f4fc4fe736802454e3e8e679520
  original:
    hackage: monad-logger-aeson-0.2.0.0
- completed:
    hackage: context-0.2.0.0@sha256:6b643adb4a64fe521873d08df0497f71f88e18b9ecff4b68b4eef938e446cfc9,1886
    pantry-tree:
      size: 952
      sha256: b041ec197787d7cef078a2de33a74853179821e3083882f22b6d185e5764d75e
  original:
    hackage: context-0.2.0.0
snapshots:
- completed:
    size: 591254
    url: https://raw.githubusercontent.com/commercialhaskell/stackage-snapshots/master/nightly/2022/6/3.yaml
    sha256: 9384985e933206c1e079f43c63dd2d6137e7f86715091de76cc95e1c802bba01
  original: nightly-2022-06-03
