# This file was autogenerated by Stack.
# You should not edit this file by hand.
# For more information, please see the documentation at:
#   https://docs.haskellstack.org/en/stable/lock_files

packages:
- completed:
    hackage: monad-logger-aeson-0.4.0.2@sha256:0a1189f53fdfa57e88735d0d65b943983010203fcd3f122ea552042dfb2d2501,6215
    pantry-tree:
      sha256: 3955f99746fcb73d120b4bd486a110eec0bad975c00cc5ca29b3ba259c12a4b9
      size: 7096
  original:
    hackage: monad-logger-aeson-0.4.0.2
- completed:
    hackage: context-0.2.0.1@sha256:b5a1390a5ad11b7edd0449c9ef96823f082bff4988bd09583e37a4e93e9aad10,1891
    pantry-tree:
      sha256: ebb043dd007864588c6b1676a0d30e521deab4353a3f19716f6f6f7d52b62817
      size: 952
  original:
    hackage: context-0.2.0.1
snapshots:
- completed:
    sha256: 6d1532d40621957a25bad5195bfca7938e8a06d923c91bc52aa0f3c41181f2d4
    size: 619204
    url: https://raw.githubusercontent.com/commercialhaskell/stackage-snapshots/master/lts/19/33.yaml
  original: lts-19.33
