# This file was autogenerated by Stack.
# You should not edit this file by hand.
# For more information, please see the documentation at:
#   https://docs.haskellstack.org/en/stable/lock_files

packages: []
snapshots:
- completed:
    sha256: 0ce5b34f94d7dda9e8c00cc04aa4554818d293861038bbc83fbc8ffb7c7207b3
    size: 558543
    url: https://raw.githubusercontent.com/commercialhaskell/stackage-snapshots/master/nightly/2022/12/8.yaml
  original: nightly-2022-12-08
